<?xml version="1.0" encoding="utf-8"?>
<Project ToolsVersion="4.0" xmlns="http://schemas.microsoft.com/developer/msbuild/2003">
  <ItemGroup>
    <Filter Include="소스 파일">
      <UniqueIdentifier>{4FC737F1-C7A5-4376-A066-2A32D752A2FF}</UniqueIdentifier>
      <Extensions>cpp;c;cc;cxx;def;odl;idl;hpj;bat;asm;asmx</Extensions>
    </Filter>
    <Filter Include="헤더 파일">
      <UniqueIdentifier>{93995380-89BD-4b04-88EB-625FBE52EBFB}</UniqueIdentifier>
      <Extensions>h;hh;hpp;hxx;hm;inl;inc;ipp;xsd</Extensions>
    </Filter>
    <Filter Include="리소스 파일">
      <UniqueIdentifier>{67DA6AB6-F800-4c08-8B7A-83BB121AAD01}</UniqueIdentifier>
      <Extensions>rc;ico;cur;bmp;dlg;rc2;rct;bin;rgs;gif;jpg;jpeg;jpe;resx;tiff;tif;png;wav;mfcribbon-ms</Extensions>
    </Filter>
    <Filter Include="Assets">
      <UniqueIdentifier>{302abba2-1684-4599-a2d7-a2718ef359eb}</UniqueIdentifier>
    </Filter>
    <Filter Include="Assets\Scenes">
      <UniqueIdentifier>{2aaaf048-5887-4262-a196-4927e07557f0}</UniqueIdentifier>
    </Filter>
    <Filter Include="Assets\Scripts">
      <UniqueIdentifier>{95a5485c-d925-4ab1-82f8-d9ab653be419}</UniqueIdentifier>
    </Filter>
  </ItemGroup>
  <ItemGroup>
    <ClInclude Include="framework.h">
      <Filter>헤더 파일</Filter>
    </ClInclude>
    <ClInclude Include="targetver.h">
      <Filter>헤더 파일</Filter>
    </ClInclude>
    <ClInclude Include="Resource.h">
      <Filter>헤더 파일</Filter>
    </ClInclude>
    <ClInclude Include="Dudrio.h">
      <Filter>헤더 파일</Filter>
    </ClInclude>
    <ClInclude Include="pch.h">
      <Filter>헤더 파일</Filter>
    </ClInclude>
    <ClInclude Include="CameraController.h">
      <Filter>Assets\Scripts</Filter>
    </ClInclude>
    <ClInclude Include="CharacterController.h">
      <Filter>Assets\Scripts</Filter>
    </ClInclude>
    <ClInclude Include="RotatingBehavior.h">
      <Filter>Assets\Scripts</Filter>
    </ClInclude>
    <ClInclude Include="scripts.h">
      <Filter>헤더 파일</Filter>
    </ClInclude>
    <ClInclude Include="MaterialScene.h">
      <Filter>Assets\Scenes</Filter>
    </ClInclude>
    <ClInclude Include="MenuScene.h">
      <Filter>Assets\Scenes</Filter>
    </ClInclude>
    <ClInclude Include="TerrainScene.h">
      <Filter>Assets\Scenes</Filter>
    </ClInclude>
    <ClInclude Include="AnimationScene.h">
      <Filter>Assets\Scenes</Filter>
    </ClInclude>
    <ClInclude Include="ParticleScene.h">
      <Filter>Assets\Scenes</Filter>
    </ClInclude>
    <ClInclude Include="GuestController.h">
      <Filter>Assets\Scripts</Filter>
    </ClInclude>
    <ClInclude Include="BulidManager.h">
      <Filter>Assets\Scripts</Filter>
    </ClInclude>
    <ClInclude Include="HostCameraController.h">
      <Filter>Assets\Scripts</Filter>
    </ClInclude>
    <ClInclude Include="ButtonManager.h">
      <Filter>Assets\Scripts</Filter>
    </ClInclude>
    <ClInclude Include="Building.h">
      <Filter>Assets\Scripts</Filter>
    </ClInclude>
  </ItemGroup>
  <ItemGroup>
    <ClCompile Include="Dudrio.cpp">
      <Filter>소스 파일</Filter>
    </ClCompile>
    <ClCompile Include="pch.cpp">
      <Filter>소스 파일</Filter>
    </ClCompile>
    <ClCompile Include="MaterialScene.cpp">
      <Filter>Assets\Scenes</Filter>
    </ClCompile>
    <ClCompile Include="MenuScene.cpp">
      <Filter>Assets\Scenes</Filter>
    </ClCompile>
    <ClCompile Include="TerrainScene.cpp">
      <Filter>Assets\Scenes</Filter>
    </ClCompile>
    <ClCompile Include="AnimationScene.cpp">
      <Filter>Assets\Scenes</Filter>
    </ClCompile>
    <ClCompile Include="ParticleScene.cpp">
      <Filter>Assets\Scenes</Filter>
    </ClCompile>
  </ItemGroup>
  <ItemGroup>
    <ResourceCompile Include="Dudrio.rc">
      <Filter>리소스 파일</Filter>
    </ResourceCompile>
  </ItemGroup>
  <ItemGroup>
    <Image Include="small.ico">
      <Filter>리소스 파일</Filter>
    </Image>
    <Image Include="Dudrio.ico">
      <Filter>리소스 파일</Filter>
    </Image>
  </ItemGroup>
  <ItemGroup>
    <FxCompile Include="Shaders\Grass.hlsl" />
  </ItemGroup>
</Project>