<?xml version="1.0" encoding="utf-8"?>
<Project ToolsVersion="4.0" xmlns="http://schemas.microsoft.com/developer/msbuild/2003">
  <ItemGroup>
    <Filter Include="소스 파일">
      <UniqueIdentifier>{4FC737F1-C7A5-4376-A066-2A32D752A2FF}</UniqueIdentifier>
      <Extensions>cpp;c;cc;cxx;def;odl;idl;hpj;bat;asm;asmx</Extensions>
    </Filter>
    <Filter Include="헤더 파일">
      <UniqueIdentifier>{93995380-89BD-4b04-88EB-625FBE52EBFB}</UniqueIdentifier>
      <Extensions>h;hh;hpp;hxx;hm;inl;inc;ipp;xsd</Extensions>
    </Filter>
    <Filter Include="리소스 파일">
      <UniqueIdentifier>{67DA6AB6-F800-4c08-8B7A-83BB121AAD01}</UniqueIdentifier>
      <Extensions>rc;ico;cur;bmp;dlg;rc2;rct;bin;rgs;gif;jpg;jpeg;jpe;resx;tiff;tif;png;wav;mfcribbon-ms</Extensions>
    </Filter>
    <Filter Include="Assets">
      <UniqueIdentifier>{302abba2-1684-4599-a2d7-a2718ef359eb}</UniqueIdentifier>
    </Filter>
    <Filter Include="Assets\Scenes">
      <UniqueIdentifier>{2aaaf048-5887-4262-a196-4927e07557f0}</UniqueIdentifier>
    </Filter>
    <Filter Include="Assets\Scripts">
      <UniqueIdentifier>{95a5485c-d925-4ab1-82f8-d9ab653be419}</UniqueIdentifier>
    </Filter>
    <Filter Include="Assets\Network">
      <UniqueIdentifier>{745d9efb-85c4-4d46-bf7e-6765245a03a0}</UniqueIdentifier>
    </Filter>
    <Filter Include="Assets\Scripts\Build">
      <UniqueIdentifier>{119ea835-4ce6-4bdd-be3c-e81d88044b1a}</UniqueIdentifier>
    </Filter>
    <Filter Include="Assets\Scripts\Controller">
      <UniqueIdentifier>{81397fc0-9085-46f1-aeda-59241113524a}</UniqueIdentifier>
    </Filter>
  </ItemGroup>
  <ItemGroup>
    <ClInclude Include="framework.h">
      <Filter>헤더 파일</Filter>
    </ClInclude>
    <ClInclude Include="targetver.h">
      <Filter>헤더 파일</Filter>
    </ClInclude>
    <ClInclude Include="Resource.h">
      <Filter>헤더 파일</Filter>
    </ClInclude>
    <ClInclude Include="Dudrio.h">
      <Filter>헤더 파일</Filter>
    </ClInclude>
    <ClInclude Include="pch.h">
      <Filter>헤더 파일</Filter>
    </ClInclude>
    <ClInclude Include="RotatingBehavior.h">
      <Filter>Assets\Scripts</Filter>
    </ClInclude>
    <ClInclude Include="scripts.h">
      <Filter>헤더 파일</Filter>
    </ClInclude>
    <ClInclude Include="MaterialScene.h">
      <Filter>Assets\Scenes</Filter>
    </ClInclude>
    <ClInclude Include="MenuScene.h">
      <Filter>Assets\Scenes</Filter>
    </ClInclude>
    <ClInclude Include="MagentaServer\protocol.h">
      <Filter>헤더 파일</Filter>
    </ClInclude>
    <ClInclude Include="AnimationScene.h">
      <Filter>Assets\Scenes</Filter>
    </ClInclude>
    <ClInclude Include="MaterialScene.h">
      <Filter>Assets\Scenes</Filter>
    </ClInclude>
    <ClInclude Include="ParticleScene.h">
      <Filter>Assets\Scenes</Filter>
    </ClInclude>
    <ClInclude Include="CharacterMovingBehavior.h">
      <Filter>Assets\Scripts</Filter>
    </ClInclude>
    <ClInclude Include="GuestNetwork.h">
      <Filter>Assets\Network</Filter>
    </ClInclude>
    <ClInclude Include="HostNetwork.h">
      <Filter>Assets\Network</Filter>
    </ClInclude>
    <ClInclude Include="GameLoader.h">
      <Filter>Assets\Scripts</Filter>
    </ClInclude>
    <ClInclude Include="HostScene.h">
      <Filter>Assets\Scenes</Filter>
    </ClInclude>
    <ClInclude Include="GuestScene.h">
      <Filter>Assets\Scenes</Filter>
    </ClInclude>
    <ClInclude Include="FPS.h">
      <Filter>Assets\Scripts</Filter>
    </ClInclude>
    <ClInclude Include="TestScene.h">
      <Filter>Assets\Scenes</Filter>
    </ClInclude>
    <ClInclude Include="TerrainGenerator.h">
      <Filter>Assets\Scripts</Filter>
    </ClInclude>
    <ClInclude Include="CharacterController.h">
      <Filter>Assets\Scripts\Controller</Filter>
    </ClInclude>
    <ClInclude Include="CameraController.h">
      <Filter>Assets\Scripts\Controller</Filter>
    </ClInclude>
    <ClInclude Include="Building.h">
      <Filter>Assets\Scripts\Build</Filter>
    </ClInclude>
    <ClInclude Include="GuestCameraController.h">
      <Filter>Assets\Scripts\Controller</Filter>
    </ClInclude>
    <ClInclude Include="HostCameraController.h">
      <Filter>Assets\Scripts\Controller</Filter>
    </ClInclude>
    <ClInclude Include="ParticleManager.h">
      <Filter>Assets\Scripts</Filter>
    </ClInclude>
    <ClInclude Include="GuestController.h">
      <Filter>Assets\Scripts\Controller</Filter>
    </ClInclude>
    <ClInclude Include="BuildingTypeSelector.h">
      <Filter>Assets\Scripts\Build</Filter>
    </ClInclude>
    <ClInclude Include="BuildingSelector.h">
      <Filter>Assets\Scripts\Build</Filter>
    </ClInclude>
    <ClInclude Include="BuildingBuilder.h">
      <Filter>Assets\Scripts\Build</Filter>
    </ClInclude>
    <ClInclude Include="BuildingType.h">
      <Filter>Assets\Scripts\Build</Filter>
    </ClInclude>
    <ClInclude Include="BuildingBuilderData.h">
      <Filter>Assets\Scripts\Build</Filter>
    </ClInclude>
  </ItemGroup>
  <ItemGroup>
    <ClCompile Include="Dudrio.cpp">
      <Filter>소스 파일</Filter>
    </ClCompile>
    <ClCompile Include="pch.cpp">
      <Filter>소스 파일</Filter>
    </ClCompile>
    <ClCompile Include="MaterialScene.cpp">
      <Filter>Assets\Scenes</Filter>
    </ClCompile>
    <ClCompile Include="MenuScene.cpp">
      <Filter>Assets\Scenes</Filter>
    </ClCompile>
    <ClCompile Include="AnimationScene.cpp">
      <Filter>Assets\Scenes</Filter>
    </ClCompile>
    <ClCompile Include="MaterialScene.cpp">
      <Filter>Assets\Scenes</Filter>
    </ClCompile>
    <ClCompile Include="ParticleScene.cpp">
      <Filter>Assets\Scenes</Filter>
    </ClCompile>
    <ClCompile Include="GuestNetwork.cpp">
      <Filter>Assets\Network</Filter>
    </ClCompile>
    <ClCompile Include="HostNetwork.cpp">
      <Filter>Assets\Network</Filter>
    </ClCompile>
    <ClCompile Include="HostScene.cpp">
      <Filter>Assets\Scenes</Filter>
    </ClCompile>
    <ClCompile Include="GuestScene.cpp">
      <Filter>Assets\Scenes</Filter>
    </ClCompile>
    <ClCompile Include="TestScene.cpp">
      <Filter>Assets\Scenes</Filter>
    </ClCompile>
    <ClCompile Include="TerrainGenerator.cpp">
      <Filter>Assets\Scripts</Filter>
    </ClCompile>
  </ItemGroup>
  <ItemGroup>
    <ResourceCompile Include="Dudrio.rc">
      <Filter>리소스 파일</Filter>
    </ResourceCompile>
  </ItemGroup>
  <ItemGroup>
    <Image Include="small.ico">
      <Filter>리소스 파일</Filter>
    </Image>
    <Image Include="Dudrio.ico">
      <Filter>리소스 파일</Filter>
    </Image>
  </ItemGroup>
</Project>